
Microsoft Visual Studio Solution File, Format Version 12.00
# Visual Studio Version 17
VisualStudioVersion = 17.4.32804.182
MinimumVisualStudioVersion = 10.0.40219.1
Project("{FAE04EC0-301F-11D3-BF4B-00C04F79EFBC}") = "ArcadeGame", "ArcadeGame2\ArcadeGame.csproj", "{90ABCD43-D1D4-49F7-AA81-6F44D079CA64}"
EndProject
Global
	GlobalSection(SolutionConfigurationPlatforms) = preSolution
		Debug|Any CPU = Debug|Any CPU
		Release|Any CPU = Release|Any CPU
	EndGlobalSection
	GlobalSection(ProjectConfigurationPlatforms) = postSolution
		{90ABCD43-D1D4-49F7-AA81-6F44D079CA64}.Debug|Any CPU.ActiveCfg = Debug|Any CPU
		{90ABCD43-D1D4-49F7-AA81-6F44D079CA64}.Debug|Any CPU.Build.0 = Debug|Any CPU
		{90ABCD43-D1D4-49F7-AA81-6F44D079CA64}.Release|Any CPU.ActiveCfg = Release|Any CPU
		{90ABCD43-D1D4-49F7-AA81-6F44D079CA64}.Release|Any CPU.Build.0 = Release|Any CPU
	EndGlobalSection
	GlobalSection(SolutionProperties) = preSolution
		HideSolutionNode = FALSE
	EndGlobalSection
	GlobalSection(ExtensibilityGlobals) = postSolution
		SolutionGuid = {D599B758-2E88-471C-88BA-D72A606172DF}
	EndGlobalSection
EndGlobal
